// !$*UTF8*$!
{
	archiveVersion = 1;
	classes = {
	};
	objectVersion = 50;
	objects = {

/* Begin PBXBuildFile section */
		3A64E68F32C300D226385CB6 /* Pods_randomUITests.framework in Frameworks */ = {isa = PBXBuildFile; fileRef = 0CAC5215C824181813DF5DDC /* Pods_randomUITests.framework */; };
		A92CD3EF44E5D2DA8E181E21 /* Pods_random.framework in Frameworks */ = {isa = PBXBuildFile; fileRef = BA33D20CC0F2BCD67EEE1B16 /* Pods_random.framework */; };
		B2F0448721C6316B00160123 /* AppDelegate.swift in Sources */ = {isa = PBXBuildFile; fileRef = B2F0448621C6316B00160123 /* AppDelegate.swift */; };
		B2F0448921C6316B00160123 /* ViewController.swift in Sources */ = {isa = PBXBuildFile; fileRef = B2F0448821C6316B00160123 /* ViewController.swift */; };
		B2F0448C21C6316B00160123 /* Main.storyboard in Resources */ = {isa = PBXBuildFile; fileRef = B2F0448A21C6316B00160123 /* Main.storyboard */; };
		B2F0448F21C6316B00160123 /* random.xcdatamodeld in Sources */ = {isa = PBXBuildFile; fileRef = B2F0448D21C6316B00160123 /* random.xcdatamodeld */; };
		B2F0449121C6316C00160123 /* Assets.xcassets in Resources */ = {isa = PBXBuildFile; fileRef = B2F0449021C6316C00160123 /* Assets.xcassets */; };
		B2F0449421C6316C00160123 /* LaunchScreen.storyboard in Resources */ = {isa = PBXBuildFile; fileRef = B2F0449221C6316C00160123 /* LaunchScreen.storyboard */; };
		B2F0449F21C6316C00160123 /* randomTests.swift in Sources */ = {isa = PBXBuildFile; fileRef = B2F0449E21C6316C00160123 /* randomTests.swift */; };
		B2F044AA21C6316C00160123 /* randomUITests.swift in Sources */ = {isa = PBXBuildFile; fileRef = B2F044A921C6316C00160123 /* randomUITests.swift */; };
		C26D292F74F77ADE3CD805C5 /* Pods_randomTests.framework in Frameworks */ = {isa = PBXBuildFile; fileRef = F81C1F8F41994BADFF3D56B9 /* Pods_randomTests.framework */; };
/* End PBXBuildFile section */

/* Begin PBXContainerItemProxy section */
		B2F0449B21C6316C00160123 /* PBXContainerItemProxy */ = {
			isa = PBXContainerItemProxy;
			containerPortal = B2F0447B21C6316B00160123 /* Project object */;
			proxyType = 1;
			remoteGlobalIDString = B2F0448221C6316B00160123;
			remoteInfo = random;
		};
		B2F044A621C6316C00160123 /* PBXContainerItemProxy */ = {
			isa = PBXContainerItemProxy;
			containerPortal = B2F0447B21C6316B00160123 /* Project object */;
			proxyType = 1;
			remoteGlobalIDString = B2F0448221C6316B00160123;
			remoteInfo = random;
		};
/* End PBXContainerItemProxy section */

/* Begin PBXFileReference section */
		08C558A68F51D2F82828FA4D /* Pods-randomUITests.release.xcconfig */ = {isa = PBXFileReference; includeInIndex = 1; lastKnownFileType = text.xcconfig; name = "Pods-randomUITests.release.xcconfig"; path = "Pods/Target Support Files/Pods-randomUITests/Pods-randomUITests.release.xcconfig"; sourceTree = "<group>"; };
		0CAC5215C824181813DF5DDC /* Pods_randomUITests.framework */ = {isa = PBXFileReference; explicitFileType = wrapper.framework; includeInIndex = 0; path = Pods_randomUITests.framework; sourceTree = BUILT_PRODUCTS_DIR; };
		1759FB17E7D415D7EFCDB9E2 /* Pods-randomUITests.debug.xcconfig */ = {isa = PBXFileReference; includeInIndex = 1; lastKnownFileType = text.xcconfig; name = "Pods-randomUITests.debug.xcconfig"; path = "Pods/Target Support Files/Pods-randomUITests/Pods-randomUITests.debug.xcconfig"; sourceTree = "<group>"; };
		5948011FFBE8B34C8DDBAE70 /* Pods-randomTests.release.xcconfig */ = {isa = PBXFileReference; includeInIndex = 1; lastKnownFileType = text.xcconfig; name = "Pods-randomTests.release.xcconfig"; path = "Pods/Target Support Files/Pods-randomTests/Pods-randomTests.release.xcconfig"; sourceTree = "<group>"; };
		9388A244145B5C27CEB2F373 /* Pods-random.debug.xcconfig */ = {isa = PBXFileReference; includeInIndex = 1; lastKnownFileType = text.xcconfig; name = "Pods-random.debug.xcconfig"; path = "Pods/Target Support Files/Pods-random/Pods-random.debug.xcconfig"; sourceTree = "<group>"; };
		9B430E29C9ACD48DCDA4BB22 /* Pods-randomTests.debug.xcconfig */ = {isa = PBXFileReference; includeInIndex = 1; lastKnownFileType = text.xcconfig; name = "Pods-randomTests.debug.xcconfig"; path = "Pods/Target Support Files/Pods-randomTests/Pods-randomTests.debug.xcconfig"; sourceTree = "<group>"; };
		B2F0448321C6316B00160123 /* random.app */ = {isa = PBXFileReference; explicitFileType = wrapper.application; includeInIndex = 0; path = random.app; sourceTree = BUILT_PRODUCTS_DIR; };
		B2F0448621C6316B00160123 /* AppDelegate.swift */ = {isa = PBXFileReference; lastKnownFileType = sourcecode.swift; path = AppDelegate.swift; sourceTree = "<group>"; };
		B2F0448821C6316B00160123 /* ViewController.swift */ = {isa = PBXFileReference; lastKnownFileType = sourcecode.swift; path = ViewController.swift; sourceTree = "<group>"; };
		B2F0448B21C6316B00160123 /* Base */ = {isa = PBXFileReference; lastKnownFileType = file.storyboard; name = Base; path = Base.lproj/Main.storyboard; sourceTree = "<group>"; };
		B2F0448E21C6316B00160123 /* random.xcdatamodel */ = {isa = PBXFileReference; lastKnownFileType = wrapper.xcdatamodel; path = random.xcdatamodel; sourceTree = "<group>"; };
		B2F0449021C6316C00160123 /* Assets.xcassets */ = {isa = PBXFileReference; lastKnownFileType = folder.assetcatalog; path = Assets.xcassets; sourceTree = "<group>"; };
		B2F0449321C6316C00160123 /* Base */ = {isa = PBXFileReference; lastKnownFileType = file.storyboard; name = Base; path = Base.lproj/LaunchScreen.storyboard; sourceTree = "<group>"; };
		B2F0449521C6316C00160123 /* Info.plist */ = {isa = PBXFileReference; lastKnownFileType = text.plist.xml; path = Info.plist; sourceTree = "<group>"; };
		B2F0449A21C6316C00160123 /* randomTests.xctest */ = {isa = PBXFileReference; explicitFileType = wrapper.cfbundle; includeInIndex = 0; path = randomTests.xctest; sourceTree = BUILT_PRODUCTS_DIR; };
		B2F0449E21C6316C00160123 /* randomTests.swift */ = {isa = PBXFileReference; lastKnownFileType = sourcecode.swift; path = randomTests.swift; sourceTree = "<group>"; };
		B2F044A021C6316C00160123 /* Info.plist */ = {isa = PBXFileReference; lastKnownFileType = text.plist.xml; path = Info.plist; sourceTree = "<group>"; };
		B2F044A521C6316C00160123 /* randomUITests.xctest */ = {isa = PBXFileReference; explicitFileType = wrapper.cfbundle; includeInIndex = 0; path = randomUITests.xctest; sourceTree = BUILT_PRODUCTS_DIR; };
		B2F044A921C6316C00160123 /* randomUITests.swift */ = {isa = PBXFileReference; lastKnownFileType = sourcecode.swift; path = randomUITests.swift; sourceTree = "<group>"; };
		B2F044AB21C6316C00160123 /* Info.plist */ = {isa = PBXFileReference; lastKnownFileType = text.plist.xml; path = Info.plist; sourceTree = "<group>"; };
		BA33D20CC0F2BCD67EEE1B16 /* Pods_random.framework */ = {isa = PBXFileReference; explicitFileType = wrapper.framework; includeInIndex = 0; path = Pods_random.framework; sourceTree = BUILT_PRODUCTS_DIR; };
		EC32758477C88CC4F4DBCB27 /* Pods-random.release.xcconfig */ = {isa = PBXFileReference; includeInIndex = 1; lastKnownFileType = text.xcconfig; name = "Pods-random.release.xcconfig"; path = "Pods/Target Support Files/Pods-random/Pods-random.release.xcconfig"; sourceTree = "<group>"; };
		F81C1F8F41994BADFF3D56B9 /* Pods_randomTests.framework */ = {isa = PBXFileReference; explicitFileType = wrapper.framework; includeInIndex = 0; path = Pods_randomTests.framework; sourceTree = BUILT_PRODUCTS_DIR; };
/* End PBXFileReference section */

/* Begin PBXFrameworksBuildPhase section */
		B2F0448021C6316B00160123 /* Frameworks */ = {
			isa = PBXFrameworksBuildPhase;
			buildActionMask = 2147483647;
			files = (
				A92CD3EF44E5D2DA8E181E21 /* Pods_random.framework in Frameworks */,
			);
			runOnlyForDeploymentPostprocessing = 0;
		};
		B2F0449721C6316C00160123 /* Frameworks */ = {
			isa = PBXFrameworksBuildPhase;
			buildActionMask = 2147483647;
			files = (
				C26D292F74F77ADE3CD805C5 /* Pods_randomTests.framework in Frameworks */,
			);
			runOnlyForDeploymentPostprocessing = 0;
		};
		B2F044A221C6316C00160123 /* Frameworks */ = {
			isa = PBXFrameworksBuildPhase;
			buildActionMask = 2147483647;
			files = (
				3A64E68F32C300D226385CB6 /* Pods_randomUITests.framework in Frameworks */,
			);
			runOnlyForDeploymentPostprocessing = 0;
		};
/* End PBXFrameworksBuildPhase section */

/* Begin PBXGroup section */
		0EA15AAE499F8DCA20261ABC /* Frameworks */ = {
			isa = PBXGroup;
			children = (
				BA33D20CC0F2BCD67EEE1B16 /* Pods_random.framework */,
				F81C1F8F41994BADFF3D56B9 /* Pods_randomTests.framework */,
				0CAC5215C824181813DF5DDC /* Pods_randomUITests.framework */,
			);
			name = Frameworks;
			sourceTree = "<group>";
		};
		339E503A2E619FD88B62022C /* Pods */ = {
			isa = PBXGroup;
			children = (
				9388A244145B5C27CEB2F373 /* Pods-random.debug.xcconfig */,
				EC32758477C88CC4F4DBCB27 /* Pods-random.release.xcconfig */,
				9B430E29C9ACD48DCDA4BB22 /* Pods-randomTests.debug.xcconfig */,
				5948011FFBE8B34C8DDBAE70 /* Pods-randomTests.release.xcconfig */,
				1759FB17E7D415D7EFCDB9E2 /* Pods-randomUITests.debug.xcconfig */,
				08C558A68F51D2F82828FA4D /* Pods-randomUITests.release.xcconfig */,
			);
			name = Pods;
			sourceTree = "<group>";
		};
		B2F0447A21C6316B00160123 = {
			isa = PBXGroup;
			children = (
				B2F0448521C6316B00160123 /* random */,
				B2F0449D21C6316C00160123 /* randomTests */,
				B2F044A821C6316C00160123 /* randomUITests */,
				B2F0448421C6316B00160123 /* Products */,
				339E503A2E619FD88B62022C /* Pods */,
				0EA15AAE499F8DCA20261ABC /* Frameworks */,
			);
			sourceTree = "<group>";
		};
		B2F0448421C6316B00160123 /* Products */ = {
			isa = PBXGroup;
			children = (
				B2F0448321C6316B00160123 /* random.app */,
				B2F0449A21C6316C00160123 /* randomTests.xctest */,
				B2F044A521C6316C00160123 /* randomUITests.xctest */,
			);
			name = Products;
			sourceTree = "<group>";
		};
		B2F0448521C6316B00160123 /* random */ = {
			isa = PBXGroup;
			children = (
				B2F0448621C6316B00160123 /* AppDelegate.swift */,
				B2F0448821C6316B00160123 /* ViewController.swift */,
				B2F0448A21C6316B00160123 /* Main.storyboard */,
				B2F0449021C6316C00160123 /* Assets.xcassets */,
				B2F0449221C6316C00160123 /* LaunchScreen.storyboard */,
				B2F0449521C6316C00160123 /* Info.plist */,
				B2F0448D21C6316B00160123 /* random.xcdatamodeld */,
			);
			path = random;
			sourceTree = "<group>";
		};
		B2F0449D21C6316C00160123 /* randomTests */ = {
			isa = PBXGroup;
			children = (
				B2F0449E21C6316C00160123 /* randomTests.swift */,
				B2F044A021C6316C00160123 /* Info.plist */,
			);
			path = randomTests;
			sourceTree = "<group>";
		};
		B2F044A821C6316C00160123 /* randomUITests */ = {
			isa = PBXGroup;
			children = (
				B2F044A921C6316C00160123 /* randomUITests.swift */,
				B2F044AB21C6316C00160123 /* Info.plist */,
			);
			path = randomUITests;
			sourceTree = "<group>";
		};
/* End PBXGroup section */

/* Begin PBXNativeTarget section */
		B2F0448221C6316B00160123 /* random */ = {
			isa = PBXNativeTarget;
			buildConfigurationList = B2F044AE21C6316C00160123 /* Build configuration list for PBXNativeTarget "random" */;
			buildPhases = (
				A3E32BF8893B77A95F791E64 /* [CP] Check Pods Manifest.lock */,
				B2F0447F21C6316B00160123 /* Sources */,
				B2F0448021C6316B00160123 /* Frameworks */,
				B2F0448121C6316B00160123 /* Resources */,
				FD00F19941CBD445376D3217 /* [CP] Embed Pods Frameworks */,
			);
			buildRules = (
			);
			dependencies = (
			);
			name = random;
			productName = random;
			productReference = B2F0448321C6316B00160123 /* random.app */;
			productType = "com.apple.product-type.application";
		};
		B2F0449921C6316C00160123 /* randomTests */ = {
			isa = PBXNativeTarget;
			buildConfigurationList = B2F044B121C6316C00160123 /* Build configuration list for PBXNativeTarget "randomTests" */;
			buildPhases = (
				A45B1B0D0EDEB1D49F10B905 /* [CP] Check Pods Manifest.lock */,
				B2F0449621C6316C00160123 /* Sources */,
				B2F0449721C6316C00160123 /* Frameworks */,
				B2F0449821C6316C00160123 /* Resources */,
			);
			buildRules = (
			);
			dependencies = (
				B2F0449C21C6316C00160123 /* PBXTargetDependency */,
			);
			name = randomTests;
			productName = randomTests;
			productReference = B2F0449A21C6316C00160123 /* randomTests.xctest */;
			productType = "com.apple.product-type.bundle.unit-test";
		};
		B2F044A421C6316C00160123 /* randomUITests */ = {
			isa = PBXNativeTarget;
			buildConfigurationList = B2F044B421C6316C00160123 /* Build configuration list for PBXNativeTarget "randomUITests" */;
			buildPhases = (
				5A8A173559EFA85111F05208 /* [CP] Check Pods Manifest.lock */,
				B2F044A121C6316C00160123 /* Sources */,
				B2F044A221C6316C00160123 /* Frameworks */,
				B2F044A321C6316C00160123 /* Resources */,
			);
			buildRules = (
			);
			dependencies = (
				B2F044A721C6316C00160123 /* PBXTargetDependency */,
			);
			name = randomUITests;
			productName = randomUITests;
			productReference = B2F044A521C6316C00160123 /* randomUITests.xctest */;
			productType = "com.apple.product-type.bundle.ui-testing";
		};
/* End PBXNativeTarget section */

/* Begin PBXProject section */
		B2F0447B21C6316B00160123 /* Project object */ = {
			isa = PBXProject;
			attributes = {
				LastSwiftUpdateCheck = 1010;
				LastUpgradeCheck = 1010;
				ORGANIZATIONNAME = abc;
				TargetAttributes = {
					B2F0448221C6316B00160123 = {
						CreatedOnToolsVersion = 10.1;
					};
					B2F0449921C6316C00160123 = {
						CreatedOnToolsVersion = 10.1;
						TestTargetID = B2F0448221C6316B00160123;
					};
					B2F044A421C6316C00160123 = {
						CreatedOnToolsVersion = 10.1;
						TestTargetID = B2F0448221C6316B00160123;
					};
				};
			};
			buildConfigurationList = B2F0447E21C6316B00160123 /* Build configuration list for PBXProject "random" */;
			compatibilityVersion = "Xcode 9.3";
			developmentRegion = en;
			hasScannedForEncodings = 0;
			knownRegions = (
				en,
				Base,
			);
			mainGroup = B2F0447A21C6316B00160123;
			productRefGroup = B2F0448421C6316B00160123 /* Products */;
			projectDirPath = "";
			projectRoot = "";
			targets = (
				B2F0448221C6316B00160123 /* random */,
				B2F0449921C6316C00160123 /* randomTests */,
				B2F044A421C6316C00160123 /* randomUITests */,
			);
		};
/* End PBXProject section */

/* Begin PBXResourcesBuildPhase section */
		B2F0448121C6316B00160123 /* Resources */ = {
			isa = PBXResourcesBuildPhase;
			buildActionMask = 2147483647;
			files = (
				B2F0449421C6316C00160123 /* LaunchScreen.storyboard in Resources */,
				B2F0449121C6316C00160123 /* Assets.xcassets in Resources */,
				B2F0448C21C6316B00160123 /* Main.storyboard in Resources */,
			);
			runOnlyForDeploymentPostprocessing = 0;
		};
		B2F0449821C6316C00160123 /* Resources */ = {
			isa = PBXResourcesBuildPhase;
			buildActionMask = 2147483647;
			files = (
			);
			runOnlyForDeploymentPostprocessing = 0;
		};
		B2F044A321C6316C00160123 /* Resources */ = {
			isa = PBXResourcesBuildPhase;
			buildActionMask = 2147483647;
			files = (
			);
			runOnlyForDeploymentPostprocessing = 0;
		};
/* End PBXResourcesBuildPhase section */

/* Begin PBXShellScriptBuildPhase section */
		5A8A173559EFA85111F05208 /* [CP] Check Pods Manifest.lock */ = {
			isa = PBXShellScriptBuildPhase;
			buildActionMask = 2147483647;
			files = (
			);
			inputFileListPaths = (
			);
			inputPaths = (
				"${PODS_PODFILE_DIR_PATH}/Podfile.lock",
				"${PODS_ROOT}/Manifest.lock",
			);
			name = "[CP] Check Pods Manifest.lock";
			outputFileListPaths = (
			);
			outputPaths = (
				"$(DERIVED_FILE_DIR)/Pods-randomUITests-checkManifestLockResult.txt",
			);
			runOnlyForDeploymentPostprocessing = 0;
			shellPath = /bin/sh;
			shellScript = "diff \"${PODS_PODFILE_DIR_PATH}/Podfile.lock\" \"${PODS_ROOT}/Manifest.lock\" > /dev/null\nif [ $? != 0 ] ; then\n    # print error to STDERR\n    echo \"error: The sandbox is not in sync with the Podfile.lock. Run 'pod install' or update your CocoaPods installation.\" >&2\n    exit 1\nfi\n# This output is used by Xcode 'outputs' to avoid re-running this script phase.\necho \"SUCCESS\" > \"${SCRIPT_OUTPUT_FILE_0}\"\n";
			showEnvVarsInLog = 0;
		};
		A3E32BF8893B77A95F791E64 /* [CP] Check Pods Manifest.lock */ = {
			isa = PBXShellScriptBuildPhase;
			buildActionMask = 2147483647;
			files = (
			);
			inputFileListPaths = (
			);
			inputPaths = (
				"${PODS_PODFILE_DIR_PATH}/Podfile.lock",
				"${PODS_ROOT}/Manifest.lock",
			);
			name = "[CP] Check Pods Manifest.lock";
			outputFileListPaths = (
			);
			outputPaths = (
				"$(DERIVED_FILE_DIR)/Pods-random-checkManifestLockResult.txt",
			);
			runOnlyForDeploymentPostprocessing = 0;
			shellPath = /bin/sh;
			shellScript = "diff \"${PODS_PODFILE_DIR_PATH}/Podfile.lock\" \"${PODS_ROOT}/Manifest.lock\" > /dev/null\nif [ $? != 0 ] ; then\n    # print error to STDERR\n    echo \"error: The sandbox is not in sync with the Podfile.lock. Run 'pod install' or update your CocoaPods installation.\" >&2\n    exit 1\nfi\n# This output is used by Xcode 'outputs' to avoid re-running this script phase.\necho \"SUCCESS\" > \"${SCRIPT_OUTPUT_FILE_0}\"\n";
			showEnvVarsInLog = 0;
		};
		A45B1B0D0EDEB1D49F10B905 /* [CP] Check Pods Manifest.lock */ = {
			isa = PBXShellScriptBuildPhase;
			buildActionMask = 2147483647;
			files = (
			);
			inputFileListPaths = (
			);
			inputPaths = (
				"${PODS_PODFILE_DIR_PATH}/Podfile.lock",
				"${PODS_ROOT}/Manifest.lock",
			);
			name = "[CP] Check Pods Manifest.lock";
			outputFileListPaths = (
			);
			outputPaths = (
				"$(DERIVED_FILE_DIR)/Pods-randomTests-checkManifestLockResult.txt",
			);
			runOnlyForDeploymentPostprocessing = 0;
			shellPath = /bin/sh;
			shellScript = "diff \"${PODS_PODFILE_DIR_PATH}/Podfile.lock\" \"${PODS_ROOT}/Manifest.lock\" > /dev/null\nif [ $? != 0 ] ; then\n    # print error to STDERR\n    echo \"error: The sandbox is not in sync with the Podfile.lock. Run 'pod install' or update your CocoaPods installation.\" >&2\n    exit 1\nfi\n# This output is used by Xcode 'outputs' to avoid re-running this script phase.\necho \"SUCCESS\" > \"${SCRIPT_OUTPUT_FILE_0}\"\n";
			showEnvVarsInLog = 0;
		};
		FD00F19941CBD445376D3217 /* [CP] Embed Pods Frameworks */ = {
			isa = PBXShellScriptBuildPhase;
			buildActionMask = 2147483647;
			files = (
			);
			inputFileListPaths = (
			);
			inputPaths = (
				"${SRCROOT}/Pods/Target Support Files/Pods-random/Pods-random-frameworks.sh",
				"${BUILT_PRODUCTS_DIR}/Alamofire/Alamofire.framework",
			);
			name = "[CP] Embed Pods Frameworks";
			outputFileListPaths = (
			);
			outputPaths = (
				"${TARGET_BUILD_DIR}/${FRAMEWORKS_FOLDER_PATH}/Alamofire.framework",
			);
			runOnlyForDeploymentPostprocessing = 0;
			shellPath = /bin/sh;
			shellScript = "\"${SRCROOT}/Pods/Target Support Files/Pods-random/Pods-random-frameworks.sh\"\n";
			showEnvVarsInLog = 0;
		};
/* End PBXShellScriptBuildPhase section */

/* Begin PBXSourcesBuildPhase section */
		B2F0447F21C6316B00160123 /* Sources */ = {
			isa = PBXSourcesBuildPhase;
			buildActionMask = 2147483647;
			files = (
				B2F0448921C6316B00160123 /* ViewController.swift in Sources */,
				B2F0448F21C6316B00160123 /* random.xcdatamodeld in Sources */,
				B2F0448721C6316B00160123 /* AppDelegate.swift in Sources */,
			);
			runOnlyForDeploymentPostprocessing = 0;
		};
		B2F0449621C6316C00160123 /* Sources */ = {
			isa = PBXSourcesBuildPhase;
			buildActionMask = 2147483647;
			files = (
				B2F0449F21C6316C00160123 /* randomTests.swift in Sources */,
			);
			runOnlyForDeploymentPostprocessing = 0;
		};
		B2F044A121C6316C00160123 /* Sources */ = {
			isa = PBXSourcesBuildPhase;
			buildActionMask = 2147483647;
			files = (
				B2F044AA21C6316C00160123 /* randomUITests.swift in Sources */,
			);
			runOnlyForDeploymentPostprocessing = 0;
		};
/* End PBXSourcesBuildPhase section */

/* Begin PBXTargetDependency section */
		B2F0449C21C6316C00160123 /* PBXTargetDependency */ = {
			isa = PBXTargetDependency;
			target = B2F0448221C6316B00160123 /* random */;
			targetProxy = B2F0449B21C6316C00160123 /* PBXContainerItemProxy */;
		};
		B2F044A721C6316C00160123 /* PBXTargetDependency */ = {
			isa = PBXTargetDependency;
			target = B2F0448221C6316B00160123 /* random */;
			targetProxy = B2F044A621C6316C00160123 /* PBXContainerItemProxy */;
		};
/* End PBXTargetDependency section */

/* Begin PBXVariantGroup section */
		B2F0448A21C6316B00160123 /* Main.storyboard */ = {
			isa = PBXVariantGroup;
			children = (
				B2F0448B21C6316B00160123 /* Base */,
			);
			name = Main.storyboard;
			sourceTree = "<group>";
		};
		B2F0449221C6316C00160123 /* LaunchScreen.storyboard */ = {
			isa = PBXVariantGroup;
			children = (
				B2F0449321C6316C00160123 /* Base */,
			);
			name = LaunchScreen.storyboard;
			sourceTree = "<group>";
		};
/* End PBXVariantGroup section */

/* Begin XCBuildConfiguration section */
		B2F044AC21C6316C00160123 /* Debug */ = {
			isa = XCBuildConfiguration;
			buildSettings = {
				ALWAYS_SEARCH_USER_PATHS = NO;
				CLANG_ANALYZER_NONNULL = YES;
				CLANG_ANALYZER_NUMBER_OBJECT_CONVERSION = YES_AGGRESSIVE;
				CLANG_CXX_LANGUAGE_STANDARD = "gnu++14";
				CLANG_CXX_LIBRARY = "libc++";
				CLANG_ENABLE_MODULES = YES;
				CLANG_ENABLE_OBJC_ARC = YES;
				CLANG_ENABLE_OBJC_WEAK = YES;
				CLANG_WARN_BLOCK_CAPTURE_AUTORELEASING = YES;
				CLANG_WARN_BOOL_CONVERSION = YES;
				CLANG_WARN_COMMA = YES;
				CLANG_WARN_CONSTANT_CONVERSION = YES;
				CLANG_WARN_DEPRECATED_OBJC_IMPLEMENTATIONS = YES;
				CLANG_WARN_DIRECT_OBJC_ISA_USAGE = YES_ERROR;
				CLANG_WARN_DOCUMENTATION_COMMENTS = YES;
				CLANG_WARN_EMPTY_BODY = YES;
				CLANG_WARN_ENUM_CONVERSION = YES;
				CLANG_WARN_INFINITE_RECURSION = YES;
				CLANG_WARN_INT_CONVERSION = YES;
				CLANG_WARN_NON_LITERAL_NULL_CONVERSION = YES;
				CLANG_WARN_OBJC_IMPLICIT_RETAIN_SELF = YES;
				CLANG_WARN_OBJC_LITERAL_CONVERSION = YES;
				CLANG_WARN_OBJC_ROOT_CLASS = YES_ERROR;
				CLANG_WARN_RANGE_LOOP_ANALYSIS = YES;
				CLANG_WARN_STRICT_PROTOTYPES = YES;
				CLANG_WARN_SUSPICIOUS_MOVE = YES;
				CLANG_WARN_UNGUARDED_AVAILABILITY = YES_AGGRESSIVE;
				CLANG_WARN_UNREACHABLE_CODE = YES;
				CLANG_WARN__DUPLICATE_METHOD_MATCH = YES;
				CODE_SIGN_IDENTITY = "iPhone Developer";
				COPY_PHASE_STRIP = NO;
				DEBUG_INFORMATION_FORMAT = dwarf;
				ENABLE_STRICT_OBJC_MSGSEND = YES;
				ENABLE_TESTABILITY = YES;
				GCC_C_LANGUAGE_STANDARD = gnu11;
				GCC_DYNAMIC_NO_PIC = NO;
				GCC_NO_COMMON_BLOCKS = YES;
				GCC_OPTIMIZATION_LEVEL = 0;
				GCC_PREPROCESSOR_DEFINITIONS = (
					"DEBUG=1",
					"$(inherited)",
				);
				GCC_WARN_64_TO_32_BIT_CONVERSION = YES;
				GCC_WARN_ABOUT_RETURN_TYPE = YES_ERROR;
				GCC_WARN_UNDECLARED_SELECTOR = YES;
				GCC_WARN_UNINITIALIZED_AUTOS = YES_AGGRESSIVE;
				GCC_WARN_UNUSED_FUNCTION = YES;
				GCC_WARN_UNUSED_VARIABLE = YES;
				IPHONEOS_DEPLOYMENT_TARGET = 12.1;
				MTL_ENABLE_DEBUG_INFO = INCLUDE_SOURCE;
				MTL_FAST_MATH = YES;
				ONLY_ACTIVE_ARCH = YES;
				SDKROOT = iphoneos;
				SWIFT_ACTIVE_COMPILATION_CONDITIONS = DEBUG;
				SWIFT_OPTIMIZATION_LEVEL = "-Onone";
			};
			name = Debug;
		};
		B2F044AD21C6316C00160123 /* Release */ = {
			isa = XCBuildConfiguration;
			buildSettings = {
				ALWAYS_SEARCH_USER_PATHS = NO;
				CLANG_ANALYZER_NONNULL = YES;
				CLANG_ANALYZER_NUMBER_OBJECT_CONVERSION = YES_AGGRESSIVE;
				CLANG_CXX_LANGUAGE_STANDARD = "gnu++14";
				CLANG_CXX_LIBRARY = "libc++";
				CLANG_ENABLE_MODULES = YES;
				CLANG_ENABLE_OBJC_ARC = YES;
				CLANG_ENABLE_OBJC_WEAK = YES;
				CLANG_WARN_BLOCK_CAPTURE_AUTORELEASING = YES;
				CLANG_WARN_BOOL_CONVERSION = YES;
				CLANG_WARN_COMMA = YES;
				CLANG_WARN_CONSTANT_CONVERSION = YES;
				CLANG_WARN_DEPRECATED_OBJC_IMPLEMENTATIONS = YES;
				CLANG_WARN_DIRECT_OBJC_ISA_USAGE = YES_ERROR;
				CLANG_WARN_DOCUMENTATION_COMMENTS = YES;
				CLANG_WARN_EMPTY_BODY = YES;
				CLANG_WARN_ENUM_CONVERSION = YES;
				CLANG_WARN_INFINITE_RECURSION = YES;
				CLANG_WARN_INT_CONVERSION = YES;
				CLANG_WARN_NON_LITERAL_NULL_CONVERSION = YES;
				CLANG_WARN_OBJC_IMPLICIT_RETAIN_SELF = YES;
				CLANG_WARN_OBJC_LITERAL_CONVERSION = YES;
				CLANG_WARN_OBJC_ROOT_CLASS = YES_ERROR;
				CLANG_WARN_RANGE_LOOP_ANALYSIS = YES;
				CLANG_WARN_STRICT_PROTOTYPES = YES;
				CLANG_WARN_SUSPICIOUS_MOVE = YES;
				CLANG_WARN_UNGUARDED_AVAILABILITY = YES_AGGRESSIVE;
				CLANG_WARN_UNREACHABLE_CODE = YES;
				CLANG_WARN__DUPLICATE_METHOD_MATCH = YES;
				CODE_SIGN_IDENTITY = "iPhone Developer";
				COPY_PHASE_STRIP = NO;
				DEBUG_INFORMATION_FORMAT = "dwarf-with-dsym";
				ENABLE_NS_ASSERTIONS = NO;
				ENABLE_STRICT_OBJC_MSGSEND = YES;
				GCC_C_LANGUAGE_STANDARD = gnu11;
				GCC_NO_COMMON_BLOCKS = YES;
				GCC_WARN_64_TO_32_BIT_CONVERSION = YES;
				GCC_WARN_ABOUT_RETURN_TYPE = YES_ERROR;
				GCC_WARN_UNDECLARED_SELECTOR = YES;
				GCC_WARN_UNINITIALIZED_AUTOS = YES_AGGRESSIVE;
				GCC_WARN_UNUSED_FUNCTION = YES;
				GCC_WARN_UNUSED_VARIABLE = YES;
				IPHONEOS_DEPLOYMENT_TARGET = 12.1;
				MTL_ENABLE_DEBUG_INFO = NO;
				MTL_FAST_MATH = YES;
				SDKROOT = iphoneos;
				SWIFT_COMPILATION_MODE = wholemodule;
				SWIFT_OPTIMIZATION_LEVEL = "-O";
				VALIDATE_PRODUCT = YES;
			};
			name = Release;
		};
		B2F044AF21C6316C00160123 /* Debug */ = {
			isa = XCBuildConfiguration;
			baseConfigurationReference = 9388A244145B5C27CEB2F373 /* Pods-random.debug.xcconfig */;
			buildSettings = {
				ASSETCATALOG_COMPILER_APPICON_NAME = AppIcon;
				CODE_SIGN_STYLE = Manual;
				DEVELOPMENT_TEAM = "";
				INFOPLIST_FILE = random/Info.plist;
				IPHONEOS_DEPLOYMENT_TARGET = 12.0;
				LD_RUNPATH_SEARCH_PATHS = (
					"$(inherited)",
					"@executable_path/Frameworks",
				);
				PRODUCT_BUNDLE_IDENTIFIER = com.a.random;
				PRODUCT_NAME = "$(TARGET_NAME)";
				PROVISIONING_PROFILE_SPECIFIER = "";
				SWIFT_VERSION = 4.2;
				TARGETED_DEVICE_FAMILY = "1,2";
			};
			name = Debug;
		};
		B2F044B021C6316C00160123 /* Release */ = {
			isa = XCBuildConfiguration;
			baseConfigurationReference = EC32758477C88CC4F4DBCB27 /* Pods-random.release.xcconfig */;
			buildSettings = {
				ASSETCATALOG_COMPILER_APPICON_NAME = AppIcon;
				CODE_SIGN_STYLE = Manual;
				DEVELOPMENT_TEAM = "";
				INFOPLIST_FILE = random/Info.plist;
				IPHONEOS_DEPLOYMENT_TARGET = 12.0;
				LD_RUNPATH_SEARCH_PATHS = (
					"$(inherited)",
					"@executable_path/Frameworks",
				);
				PRODUCT_BUNDLE_IDENTIFIER = com.a.random;
				PRODUCT_NAME = "$(TARGET_NAME)";
				PROVISIONING_PROFILE_SPECIFIER = "";
				SWIFT_VERSION = 4.2;
				TARGETED_DEVICE_FAMILY = "1,2";
			};
			name = Release;
		};
		B2F044B221C6316C00160123 /* Debug */ = {
			isa = XCBuildConfiguration;
			baseConfigurationReference = 9B430E29C9ACD48DCDA4BB22 /* Pods-randomTests.debug.xcconfig */;
			buildSettings = {
				ALWAYS_EMBED_SWIFT_STANDARD_LIBRARIES = YES;
				BUNDLE_LOADER = "$(TEST_HOST)";
				CODE_SIGN_STYLE = Automatic;
				DEVELOPMENT_TEAM = E8YF327Q3S;
				INFOPLIST_FILE = randomTests/Info.plist;
				LD_RUNPATH_SEARCH_PATHS = (
					"$(inherited)",
					"@executable_path/Frameworks",
					"@loader_path/Frameworks",
				);
				PRODUCT_BUNDLE_IDENTIFIER = com.a.randomTests;
				PRODUCT_NAME = "$(TARGET_NAME)";
				SWIFT_VERSION = 4.2;
				TARGETED_DEVICE_FAMILY = "1,2";
				TEST_HOST = "$(BUILT_PRODUCTS_DIR)/random.app/random";
			};
			name = Debug;
		};
		B2F044B321C6316C00160123 /* Release */ = {
			isa = XCBuildConfiguration;
			baseConfigurationReference = 5948011FFBE8B34C8DDBAE70 /* Pods-randomTests.release.xcconfig */;
			buildSettings = {
				ALWAYS_EMBED_SWIFT_STANDARD_LIBRARIES = YES;
				BUNDLE_LOADER = "$(TEST_HOST)";
				CODE_SIGN_STYLE = Automatic;
				DEVELOPMENT_TEAM = E8YF327Q3S;
				INFOPLIST_FILE = randomTests/Info.plist;
				LD_RUNPATH_SEARCH_PATHS = (
					"$(inherited)",
					"@executable_path/Frameworks",
					"@loader_path/Frameworks",
				);
				PRODUCT_BUNDLE_IDENTIFIER = com.a.randomTests;
				PRODUCT_NAME = "$(TARGET_NAME)";
				SWIFT_VERSION = 4.2;
				TARGETED_DEVICE_FAMILY = "1,2";
				TEST_HOST = "$(BUILT_PRODUCTS_DIR)/random.app/random";
			};
			name = Release;
		};
		B2F044B521C6316C00160123 /* Debug */ = {
			isa = XCBuildConfiguration;
			baseConfigurationReference = 1759FB17E7D415D7EFCDB9E2 /* Pods-randomUITests.debug.xcconfig */;
			buildSettings = {
				ALWAYS_EMBED_SWIFT_STANDARD_LIBRARIES = YES;
				CODE_SIGN_STYLE = Automatic;
				DEVELOPMENT_TEAM = E8YF327Q3S;
				INFOPLIST_FILE = randomUITests/Info.plist;
				LD_RUNPATH_SEARCH_PATHS = (
					"$(inherited)",
					"@executable_path/Frameworks",
					"@loader_path/Frameworks",
				);
				PRODUCT_BUNDLE_IDENTIFIER = com.a.randomUITests;
				PRODUCT_NAME = "$(TARGET_NAME)";
				SWIFT_VERSION = 4.2;
				TARGETED_DEVICE_FAMILY = "1,2";
				TEST_TARGET_NAME = random;
			};
			name = Debug;
		};
		B2F044B621C6316C00160123 /* Release */ = {
			isa = XCBuildConfiguration;
			baseConfigurationReference = 08C558A68F51D2F82828FA4D /* Pods-randomUITests.release.xcconfig */;
			buildSettings = {
				ALWAYS_EMBED_SWIFT_STANDARD_LIBRARIES = YES;
				CODE_SIGN_STYLE = Automatic;
				DEVELOPMENT_TEAM = E8YF327Q3S;
				INFOPLIST_FILE = randomUITests/Info.plist;
				LD_RUNPATH_SEARCH_PATHS = (
					"$(inherited)",
					"@executable_path/Frameworks",
					"@loader_path/Frameworks",
				);
				PRODUCT_BUNDLE_IDENTIFIER = com.a.randomUITests;
				PRODUCT_NAME = "$(TARGET_NAME)";
				SWIFT_VERSION = 4.2;
				TARGETED_DEVICE_FAMILY = "1,2";
				TEST_TARGET_NAME = random;
			};
			name = Release;
		};
/* End XCBuildConfiguration section */

/* Begin XCConfigurationList section */
		B2F0447E21C6316B00160123 /* Build configuration list for PBXProject "random" */ = {
			isa = XCConfigurationList;
			buildConfigurations = (
				B2F044AC21C6316C00160123 /* Debug */,
				B2F044AD21C6316C00160123 /* Release */,
			);
			defaultConfigurationIsVisible = 0;
			defaultConfigurationName = Release;
		};
		B2F044AE21C6316C00160123 /* Build configuration list for PBXNativeTarget "random" */ = {
			isa = XCConfigurationList;
			buildConfigurations = (
				B2F044AF21C6316C00160123 /* Debug */,
				B2F044B021C6316C00160123 /* Release */,
			);
			defaultConfigurationIsVisible = 0;
			defaultConfigurationName = Release;
		};
		B2F044B121C6316C00160123 /* Build configuration list for PBXNativeTarget "randomTests" */ = {
			isa = XCConfigurationList;
			buildConfigurations = (
				B2F044B221C6316C00160123 /* Debug */,
				B2F044B321C6316C00160123 /* Release */,
			);
			defaultConfigurationIsVisible = 0;
			defaultConfigurationName = Release;
		};
		B2F044B421C6316C00160123 /* Build configuration list for PBXNativeTarget "randomUITests" */ = {
			isa = XCConfigurationList;
			buildConfigurations = (
				B2F044B521C6316C00160123 /* Debug */,
				B2F044B621C6316C00160123 /* Release */,
			);
			defaultConfigurationIsVisible = 0;
			defaultConfigurationName = Release;
		};
/* End XCConfigurationList section */

/* Begin XCVersionGroup section */
		B2F0448D21C6316B00160123 /* random.xcdatamodeld */ = {
			isa = XCVersionGroup;
			children = (
				B2F0448E21C6316B00160123 /* random.xcdatamodel */,
			);
			currentVersion = B2F0448E21C6316B00160123 /* random.xcdatamodel */;
			path = random.xcdatamodeld;
			sourceTree = "<group>";
			versionGroupType = wrapper.xcdatamodel;
		};
/* End XCVersionGroup section */
	};
	rootObject = B2F0447B21C6316B00160123 /* Project object */;
}
